
Microsoft Visual Studio Solution File, Format Version 12.00
# Visual Studio 2012
Project("{FAE04EC0-301F-11D3-BF4B-00C04F79EFBC}") = "WardGrove", "WardGrove\WardGrove.csproj", "{5155389B-A73C-466E-87B7-E4F9F4DD438B}"
EndProject
Global
	GlobalSection(SolutionConfigurationPlatforms) = preSolution
		Debug|Any CPU = Debug|Any CPU
		Release|Any CPU = Release|Any CPU
	EndGlobalSection
	GlobalSection(ProjectConfigurationPlatforms) = postSolution
		{5155389B-A73C-466E-87B7-E4F9F4DD438B}.Debug|Any CPU.ActiveCfg = Debug|Any CPU
		{5155389B-A73C-466E-87B7-E4F9F4DD438B}.Debug|Any CPU.Build.0 = Debug|Any CPU
		{5155389B-A73C-466E-87B7-E4F9F4DD438B}.Release|Any CPU.ActiveCfg = Release|Any CPU
		{5155389B-A73C-466E-87B7-E4F9F4DD438B}.Release|Any CPU.Build.0 = Release|Any CPU
	EndGlobalSection
EndGlobal
